
Microsoft Visual Studio Solution File, Format Version 12.00
# Visual Studio Version 17
VisualStudioVersion = 17.4.33213.308
MinimumVisualStudioVersion = 10.0.40219.1
Project("{FAE04EC0-301F-11D3-BF4B-00C04F79EFBC}") = "Api", "Api\Api.csproj", "{9AF3818C-FD1F-4967-A353-FCD8CDBE29A6}"
EndProject
Project("{2150E333-8FDC-42A3-9474-1A3956D46DE8}") = "01. ApiCarpet", "01. ApiCarpet", "{A20A5A14-52F3-4A98-8654-26DFB6EC6ACF}"
EndProject
Project("{FAE04EC0-301F-11D3-BF4B-00C04F79EFBC}") = "Domain", "Domain\Domain.csproj", "{BB508A1A-4B13-4032-8DAE-A892A90A4144}"
EndProject
Project("{FAE04EC0-301F-11D3-BF4B-00C04F79EFBC}") = "DTO", "DTO\DTO.csproj", "{26736545-285A-4E07-9B7F-B2BFFE1CC3ED}"
EndProject
Project("{FAE04EC0-301F-11D3-BF4B-00C04F79EFBC}") = "Persistence", "Persistence\Persistence.csproj", "{036F2E60-BB32-4EB2-8DCF-C0AE185D9F94}"
EndProject
Project("{FAE04EC0-301F-11D3-BF4B-00C04F79EFBC}") = "Profiles", "Profiles\Profiles.csproj", "{59CAB39A-718E-4368-85E2-E5FA55F32A47}"
EndProject
Project("{FAE04EC0-301F-11D3-BF4B-00C04F79EFBC}") = "Services", "Services\Services.csproj", "{4103D149-B3C2-4E9D-8076-24895DC74A9A}"
EndProject
Project("{FAE04EC0-301F-11D3-BF4B-00C04F79EFBC}") = "Utils", "Utils\Utils.csproj", "{579DF833-1456-4460-A9E8-E71CE7004EB2}"
EndProject
Project("{2150E333-8FDC-42A3-9474-1A3956D46DE8}") = "02. BackCarpet", "02. BackCarpet", "{BCFEB5E7-0287-44E7-B0D9-B667BB89278F}"
EndProject
Global
	GlobalSection(SolutionConfigurationPlatforms) = preSolution
		Debug|Any CPU = Debug|Any CPU
		Release|Any CPU = Release|Any CPU
	EndGlobalSection
	GlobalSection(ProjectConfigurationPlatforms) = postSolution
		{9AF3818C-FD1F-4967-A353-FCD8CDBE29A6}.Debug|Any CPU.ActiveCfg = Debug|Any CPU
		{9AF3818C-FD1F-4967-A353-FCD8CDBE29A6}.Debug|Any CPU.Build.0 = Debug|Any CPU
		{9AF3818C-FD1F-4967-A353-FCD8CDBE29A6}.Release|Any CPU.ActiveCfg = Release|Any CPU
		{9AF3818C-FD1F-4967-A353-FCD8CDBE29A6}.Release|Any CPU.Build.0 = Release|Any CPU
		{BB508A1A-4B13-4032-8DAE-A892A90A4144}.Debug|Any CPU.ActiveCfg = Debug|Any CPU
		{BB508A1A-4B13-4032-8DAE-A892A90A4144}.Debug|Any CPU.Build.0 = Debug|Any CPU
		{BB508A1A-4B13-4032-8DAE-A892A90A4144}.Release|Any CPU.ActiveCfg = Release|Any CPU
		{BB508A1A-4B13-4032-8DAE-A892A90A4144}.Release|Any CPU.Build.0 = Release|Any CPU
		{26736545-285A-4E07-9B7F-B2BFFE1CC3ED}.Debug|Any CPU.ActiveCfg = Debug|Any CPU
		{26736545-285A-4E07-9B7F-B2BFFE1CC3ED}.Debug|Any CPU.Build.0 = Debug|Any CPU
		{26736545-285A-4E07-9B7F-B2BFFE1CC3ED}.Release|Any CPU.ActiveCfg = Release|Any CPU
		{26736545-285A-4E07-9B7F-B2BFFE1CC3ED}.Release|Any CPU.Build.0 = Release|Any CPU
		{036F2E60-BB32-4EB2-8DCF-C0AE185D9F94}.Debug|Any CPU.ActiveCfg = Debug|Any CPU
		{036F2E60-BB32-4EB2-8DCF-C0AE185D9F94}.Debug|Any CPU.Build.0 = Debug|Any CPU
		{036F2E60-BB32-4EB2-8DCF-C0AE185D9F94}.Release|Any CPU.ActiveCfg = Release|Any CPU
		{036F2E60-BB32-4EB2-8DCF-C0AE185D9F94}.Release|Any CPU.Build.0 = Release|Any CPU
		{59CAB39A-718E-4368-85E2-E5FA55F32A47}.Debug|Any CPU.ActiveCfg = Debug|Any CPU
		{59CAB39A-718E-4368-85E2-E5FA55F32A47}.Debug|Any CPU.Build.0 = Debug|Any CPU
		{59CAB39A-718E-4368-85E2-E5FA55F32A47}.Release|Any CPU.ActiveCfg = Release|Any CPU
		{59CAB39A-718E-4368-85E2-E5FA55F32A47}.Release|Any CPU.Build.0 = Release|Any CPU
		{4103D149-B3C2-4E9D-8076-24895DC74A9A}.Debug|Any CPU.ActiveCfg = Debug|Any CPU
		{4103D149-B3C2-4E9D-8076-24895DC74A9A}.Debug|Any CPU.Build.0 = Debug|Any CPU
		{4103D149-B3C2-4E9D-8076-24895DC74A9A}.Release|Any CPU.ActiveCfg = Release|Any CPU
		{4103D149-B3C2-4E9D-8076-24895DC74A9A}.Release|Any CPU.Build.0 = Release|Any CPU
		{579DF833-1456-4460-A9E8-E71CE7004EB2}.Debug|Any CPU.ActiveCfg = Debug|Any CPU
		{579DF833-1456-4460-A9E8-E71CE7004EB2}.Debug|Any CPU.Build.0 = Debug|Any CPU
		{579DF833-1456-4460-A9E8-E71CE7004EB2}.Release|Any CPU.ActiveCfg = Release|Any CPU
		{579DF833-1456-4460-A9E8-E71CE7004EB2}.Release|Any CPU.Build.0 = Release|Any CPU
	EndGlobalSection
	GlobalSection(SolutionProperties) = preSolution
		HideSolutionNode = FALSE
	EndGlobalSection
	GlobalSection(NestedProjects) = preSolution
		{9AF3818C-FD1F-4967-A353-FCD8CDBE29A6} = {A20A5A14-52F3-4A98-8654-26DFB6EC6ACF}
		{BB508A1A-4B13-4032-8DAE-A892A90A4144} = {BCFEB5E7-0287-44E7-B0D9-B667BB89278F}
		{26736545-285A-4E07-9B7F-B2BFFE1CC3ED} = {BCFEB5E7-0287-44E7-B0D9-B667BB89278F}
		{036F2E60-BB32-4EB2-8DCF-C0AE185D9F94} = {BCFEB5E7-0287-44E7-B0D9-B667BB89278F}
		{59CAB39A-718E-4368-85E2-E5FA55F32A47} = {BCFEB5E7-0287-44E7-B0D9-B667BB89278F}
		{4103D149-B3C2-4E9D-8076-24895DC74A9A} = {BCFEB5E7-0287-44E7-B0D9-B667BB89278F}
		{579DF833-1456-4460-A9E8-E71CE7004EB2} = {BCFEB5E7-0287-44E7-B0D9-B667BB89278F}
	EndGlobalSection
	GlobalSection(ExtensibilityGlobals) = postSolution
		SolutionGuid = {F3C15343-0FB1-49EE-8192-8B6732CE92F7}
	EndGlobalSection
EndGlobal
