
Microsoft Visual Studio Solution File, Format Version 12.00
# Visual Studio Version 17
VisualStudioVersion = 17.4.33213.308
MinimumVisualStudioVersion = 10.0.40219.1
Project("{FAE04EC0-301F-11D3-BF4B-00C04F79EFBC}") = "ejemplodia4", "ejemplodia4\ejemplodia4.csproj", "{AD702BDD-0094-4428-B769-09F127F72D71}"
EndProject
Global
	GlobalSection(SolutionConfigurationPlatforms) = preSolution
		Debug|Any CPU = Debug|Any CPU
		Release|Any CPU = Release|Any CPU
	EndGlobalSection
	GlobalSection(ProjectConfigurationPlatforms) = postSolution
		{AD702BDD-0094-4428-B769-09F127F72D71}.Debug|Any CPU.ActiveCfg = Debug|Any CPU
		{AD702BDD-0094-4428-B769-09F127F72D71}.Debug|Any CPU.Build.0 = Debug|Any CPU
		{AD702BDD-0094-4428-B769-09F127F72D71}.Release|Any CPU.ActiveCfg = Release|Any CPU
		{AD702BDD-0094-4428-B769-09F127F72D71}.Release|Any CPU.Build.0 = Release|Any CPU
	EndGlobalSection
	GlobalSection(SolutionProperties) = preSolution
		HideSolutionNode = FALSE
	EndGlobalSection
	GlobalSection(ExtensibilityGlobals) = postSolution
		SolutionGuid = {FD91EB6C-9407-4C22-9FAB-350A2C099BC6}
	EndGlobalSection
EndGlobal
