
Microsoft Visual Studio Solution File, Format Version 12.00
# Visual Studio Version 17
VisualStudioVersion = 17.4.33213.308
MinimumVisualStudioVersion = 10.0.40219.1
Project("{FAE04EC0-301F-11D3-BF4B-00C04F79EFBC}") = "EjemploDelegados", "EjemploDelegados\EjemploDelegados.csproj", "{EE01801F-9BFD-4033-8F9C-1B12B1ED64E4}"
EndProject
Global
	GlobalSection(SolutionConfigurationPlatforms) = preSolution
		Debug|Any CPU = Debug|Any CPU
		Release|Any CPU = Release|Any CPU
	EndGlobalSection
	GlobalSection(ProjectConfigurationPlatforms) = postSolution
		{EE01801F-9BFD-4033-8F9C-1B12B1ED64E4}.Debug|Any CPU.ActiveCfg = Debug|Any CPU
		{EE01801F-9BFD-4033-8F9C-1B12B1ED64E4}.Debug|Any CPU.Build.0 = Debug|Any CPU
		{EE01801F-9BFD-4033-8F9C-1B12B1ED64E4}.Release|Any CPU.ActiveCfg = Release|Any CPU
		{EE01801F-9BFD-4033-8F9C-1B12B1ED64E4}.Release|Any CPU.Build.0 = Release|Any CPU
	EndGlobalSection
	GlobalSection(SolutionProperties) = preSolution
		HideSolutionNode = FALSE
	EndGlobalSection
	GlobalSection(ExtensibilityGlobals) = postSolution
		SolutionGuid = {9F706877-5F0C-4526-8D09-2CDA0ECEFEC4}
	EndGlobalSection
EndGlobal
